
Microsoft Visual Studio Solution File, Format Version 12.00
# Visual Studio 2012
Project("{FAE04EC0-301F-11D3-BF4B-00C04F79EFBC}") = "Pihalve.PlaylistConverter.UI", "Pihalve.PlaylistConverter.UI\Pihalve.PlaylistConverter.UI.csproj", "{D9E0AC83-077D-42F3-9B0D-39340CD93D69}"
EndProject
Project("{FAE04EC0-301F-11D3-BF4B-00C04F79EFBC}") = "Pihalve.PlaylistConverter.Application", "Pihalve.PlaylistConverter.Application\Pihalve.PlaylistConverter.Application.csproj", "{EA17E1D9-DBB0-4FC1-95EE-25BB783D5A9D}"
EndProject
Global
	GlobalSection(SolutionConfigurationPlatforms) = preSolution
		Debug|Any CPU = Debug|Any CPU
		Release|Any CPU = Release|Any CPU
	EndGlobalSection
	GlobalSection(ProjectConfigurationPlatforms) = postSolution
		{D9E0AC83-077D-42F3-9B0D-39340CD93D69}.Debug|Any CPU.ActiveCfg = Debug|Any CPU
		{D9E0AC83-077D-42F3-9B0D-39340CD93D69}.Debug|Any CPU.Build.0 = Debug|Any CPU
		{D9E0AC83-077D-42F3-9B0D-39340CD93D69}.Release|Any CPU.ActiveCfg = Release|Any CPU
		{D9E0AC83-077D-42F3-9B0D-39340CD93D69}.Release|Any CPU.Build.0 = Release|Any CPU
		{EA17E1D9-DBB0-4FC1-95EE-25BB783D5A9D}.Debug|Any CPU.ActiveCfg = Debug|Any CPU
		{EA17E1D9-DBB0-4FC1-95EE-25BB783D5A9D}.Debug|Any CPU.Build.0 = Debug|Any CPU
		{EA17E1D9-DBB0-4FC1-95EE-25BB783D5A9D}.Release|Any CPU.ActiveCfg = Release|Any CPU
		{EA17E1D9-DBB0-4FC1-95EE-25BB783D5A9D}.Release|Any CPU.Build.0 = Release|Any CPU
	EndGlobalSection
	GlobalSection(SolutionProperties) = preSolution
		HideSolutionNode = FALSE
	EndGlobalSection
EndGlobal
